{
    "_meta": {
        "hash": {
            "sha256": "1f5fbdf2fe6e7cca79bda501c99b5b91b93f11ba86ee38891562ddb736282c12"
        },
        "pipfile-spec": 6,
        "requires": {
            "python_version": "3.11"
        },
        "sources": [
            {
                "name": "pypi",
                "url": "https://pypi.org/simple",
                "verify_ssl": true
            }
        ]
    },
    "default": {
        "certifi": {
            "hashes": [
                "sha256:3d5da6925056f6f18f119200434a4780a94263f10d1c21d032a6f6b2baa20651",
                "sha256:ca78db4565a652026a4db2bcdf68f2fb589ea80d0be70e03929ed730746b84fe"
            ],
            "markers": "python_version >= '3.6'",
            "version": "==2025.1.31"
        },
        "charset-normalizer": {
            "hashes": [
                "sha256:0167ddc8ab6508fe81860a57dd472b2ef4060e8d378f0cc555707126830f2537",
                "sha256:01732659ba9b5b873fc117534143e4feefecf3b2078b0a6a2e925271bb6f4cfa",
                "sha256:01ad647cdd609225c5350561d084b42ddf732f4eeefe6e678765636791e78b9a",
                "sha256:04432ad9479fa40ec0f387795ddad4437a2b50417c69fa275e212933519ff294",
                "sha256:0907f11d019260cdc3f94fbdb23ff9125f6b5d1039b76003b5b0ac9d6a6c9d5b",
                "sha256:0924e81d3d5e70f8126529951dac65c1010cdf117bb75eb02dd12339b57749dd",
                "sha256:09b26ae6b1abf0d27570633b2b078a2a20419c99d66fb2823173d73f188ce601",
                "sha256:09b5e6733cbd160dcc09589227187e242a30a49ca5cefa5a7edd3f9d19ed53fd",
                "sha256:0af291f4fe114be0280cdd29d533696a77b5b49cfde5467176ecab32353395c4",
                "sha256:0f55e69f030f7163dffe9fd0752b32f070566451afe180f99dbeeb81f511ad8d",
                "sha256:1a2bc9f351a75ef49d664206d51f8e5ede9da246602dc2d2726837620ea034b2",
                "sha256:22e14b5d70560b8dd51ec22863f370d1e595ac3d024cb8ad7d308b4cd95f8313",
                "sha256:234ac59ea147c59ee4da87a0c0f098e9c8d169f4dc2a159ef720f1a61bbe27cd",
                "sha256:2369eea1ee4a7610a860d88f268eb39b95cb588acd7235e02fd5a5601773d4fa",
                "sha256:237bdbe6159cff53b4f24f397d43c6336c6b0b42affbe857970cefbb620911c8",
                "sha256:28bf57629c75e810b6ae989f03c0828d64d6b26a5e205535585f96093e405ed1",
                "sha256:2967f74ad52c3b98de4c3b32e1a44e32975e008a9cd2a8cc8966d6a5218c5cb2",
                "sha256:2a75d49014d118e4198bcee5ee0a6f25856b29b12dbf7cd012791f8a6cc5c496",
                "sha256:2bdfe3ac2e1bbe5b59a1a63721eb3b95fc9b6817ae4a46debbb4e11f6232428d",
                "sha256:2d074908e1aecee37a7635990b2c6d504cd4766c7bc9fc86d63f9c09af3fa11b",
                "sha256:2fb9bd477fdea8684f78791a6de97a953c51831ee2981f8e4f583ff3b9d9687e",
                "sha256:311f30128d7d333eebd7896965bfcfbd0065f1716ec92bd5638d7748eb6f936a",
                "sha256:329ce159e82018d646c7ac45b01a430369d526569ec08516081727a20e9e4af4",
                "sha256:345b0426edd4e18138d6528aed636de7a9ed169b4aaf9d61a8c19e39d26838ca",
                "sha256:363e2f92b0f0174b2f8238240a1a30142e3db7b957a5dd5689b0e75fb717cc78",
                "sha256:3a3bd0dcd373514dcec91c411ddb9632c0d7d92aed7093b8c3bbb6d69ca74408",
                "sha256:3bed14e9c89dcb10e8f3a29f9ccac4955aebe93c71ae803af79265c9ca5644c5",
                "sha256:44251f18cd68a75b56585dd00dae26183e102cd5e0f9f1466e6df5da2ed64ea3",
                "sha256:44ecbf16649486d4aebafeaa7ec4c9fed8b88101f4dd612dcaf65d5e815f837f",
                "sha256:4532bff1b8421fd0a320463030c7520f56a79c9024a4e88f01c537316019005a",
                "sha256:49402233c892a461407c512a19435d1ce275543138294f7ef013f0b63d5d3765",
                "sha256:4c0907b1928a36d5a998d72d64d8eaa7244989f7aaaf947500d3a800c83a3fd6",
                "sha256:4d86f7aff21ee58f26dcf5ae81a9addbd914115cdebcbb2217e4f0ed8982e146",
                "sha256:5777ee0881f9499ed0f71cc82cf873d9a0ca8af166dfa0af8ec4e675b7df48e6",
                "sha256:5df196eb874dae23dcfb968c83d4f8fdccb333330fe1fc278ac5ceeb101003a9",
                "sha256:619a609aa74ae43d90ed2e89bdd784765de0a25ca761b93e196d938b8fd1dbbd",
                "sha256:6e27f48bcd0957c6d4cb9d6fa6b61d192d0b13d5ef563e5f2ae35feafc0d179c",
                "sha256:6ff8a4a60c227ad87030d76e99cd1698345d4491638dfa6673027c48b3cd395f",
                "sha256:73d94b58ec7fecbc7366247d3b0b10a21681004153238750bb67bd9012414545",
                "sha256:7461baadb4dc00fd9e0acbe254e3d7d2112e7f92ced2adc96e54ef6501c5f176",
                "sha256:75832c08354f595c760a804588b9357d34ec00ba1c940c15e31e96d902093770",
                "sha256:7709f51f5f7c853f0fb938bcd3bc59cdfdc5203635ffd18bf354f6967ea0f824",
                "sha256:78baa6d91634dfb69ec52a463534bc0df05dbd546209b79a3880a34487f4b84f",
                "sha256:7974a0b5ecd505609e3b19742b60cee7aa2aa2fb3151bc917e6e2646d7667dcf",
                "sha256:7a4f97a081603d2050bfaffdefa5b02a9ec823f8348a572e39032caa8404a487",
                "sha256:7b1bef6280950ee6c177b326508f86cad7ad4dff12454483b51d8b7d673a2c5d",
                "sha256:7d053096f67cd1241601111b698f5cad775f97ab25d81567d3f59219b5f1adbd",
                "sha256:804a4d582ba6e5b747c625bf1255e6b1507465494a40a2130978bda7b932c90b",
                "sha256:807f52c1f798eef6cf26beb819eeb8819b1622ddfeef9d0977a8502d4db6d534",
                "sha256:80ed5e856eb7f30115aaf94e4a08114ccc8813e6ed1b5efa74f9f82e8509858f",
                "sha256:8417cb1f36cc0bc7eaba8ccb0e04d55f0ee52df06df3ad55259b9a323555fc8b",
                "sha256:8436c508b408b82d87dc5f62496973a1805cd46727c34440b0d29d8a2f50a6c9",
                "sha256:89149166622f4db9b4b6a449256291dc87a99ee53151c74cbd82a53c8c2f6ccd",
                "sha256:8bfa33f4f2672964266e940dd22a195989ba31669bd84629f05fab3ef4e2d125",
                "sha256:8c60ca7339acd497a55b0ea5d506b2a2612afb2826560416f6894e8b5770d4a9",
                "sha256:91b36a978b5ae0ee86c394f5a54d6ef44db1de0815eb43de826d41d21e4af3de",
                "sha256:955f8851919303c92343d2f66165294848d57e9bba6cf6e3625485a70a038d11",
                "sha256:97f68b8d6831127e4787ad15e6757232e14e12060bec17091b85eb1486b91d8d",
                "sha256:9b23ca7ef998bc739bf6ffc077c2116917eabcc901f88da1b9856b210ef63f35",
                "sha256:9f0b8b1c6d84c8034a44893aba5e767bf9c7a211e313a9605d9c617d7083829f",
                "sha256:aabfa34badd18f1da5ec1bc2715cadc8dca465868a4e73a0173466b688f29dda",
                "sha256:ab36c8eb7e454e34e60eb55ca5d241a5d18b2c6244f6827a30e451c42410b5f7",
                "sha256:b010a7a4fd316c3c484d482922d13044979e78d1861f0e0650423144c616a46a",
                "sha256:b1ac5992a838106edb89654e0aebfc24f5848ae2547d22c2c3f66454daa11971",
                "sha256:b7b2d86dd06bfc2ade3312a83a5c364c7ec2e3498f8734282c6c3d4b07b346b8",
                "sha256:b97e690a2118911e39b4042088092771b4ae3fc3aa86518f84b8cf6888dbdb41",
                "sha256:bc2722592d8998c870fa4e290c2eec2c1569b87fe58618e67d38b4665dfa680d",
                "sha256:c0429126cf75e16c4f0ad00ee0eae4242dc652290f940152ca8c75c3a4b6ee8f",
                "sha256:c30197aa96e8eed02200a83fba2657b4c3acd0f0aa4bdc9f6c1af8e8962e0757",
                "sha256:c4c3e6da02df6fa1410a7680bd3f63d4f710232d3139089536310d027950696a",
                "sha256:c75cb2a3e389853835e84a2d8fb2b81a10645b503eca9bcb98df6b5a43eb8886",
                "sha256:c96836c97b1238e9c9e3fe90844c947d5afbf4f4c92762679acfe19927d81d77",
                "sha256:d7f50a1f8c450f3925cb367d011448c39239bb3eb4117c36a6d354794de4ce76",
                "sha256:d973f03c0cb71c5ed99037b870f2be986c3c05e63622c017ea9816881d2dd247",
                "sha256:d98b1668f06378c6dbefec3b92299716b931cd4e6061f3c875a71ced1780ab85",
                "sha256:d9c3cdf5390dcd29aa8056d13e8e99526cda0305acc038b96b30352aff5ff2bb",
                "sha256:dad3e487649f498dd991eeb901125411559b22e8d7ab25d3aeb1af367df5efd7",
                "sha256:dccbe65bd2f7f7ec22c4ff99ed56faa1e9f785482b9bbd7c717e26fd723a1d1e",
                "sha256:dd78cfcda14a1ef52584dbb008f7ac81c1328c0f58184bf9a84c49c605002da6",
                "sha256:e218488cd232553829be0664c2292d3af2eeeb94b32bea483cf79ac6a694e037",
                "sha256:e358e64305fe12299a08e08978f51fc21fac060dcfcddd95453eabe5b93ed0e1",
                "sha256:ea0d8d539afa5eb2728aa1932a988a9a7af94f18582ffae4bc10b3fbdad0626e",
                "sha256:eab677309cdb30d047996b36d34caeda1dc91149e4fdca0b1a039b3f79d9a807",
                "sha256:eb8178fe3dba6450a3e024e95ac49ed3400e506fd4e9e5c32d30adda88cbd407",
                "sha256:ecddf25bee22fe4fe3737a399d0d177d72bc22be6913acfab364b40bce1ba83c",
                "sha256:eea6ee1db730b3483adf394ea72f808b6e18cf3cb6454b4d86e04fa8c4327a12",
                "sha256:f08ff5e948271dc7e18a35641d2f11a4cd8dfd5634f55228b691e62b37125eb3",
                "sha256:f30bf9fd9be89ecb2360c7d94a711f00c09b976258846efe40db3d05828e8089",
                "sha256:fa88b843d6e211393a37219e6a1c1df99d35e8fd90446f1118f4216e307e48cd",
                "sha256:fc54db6c8593ef7d4b2a331b58653356cf04f67c960f584edb7c3d8c97e8f39e",
                "sha256:fd4ec41f914fa74ad1b8304bbc634b3de73d2a0889bd32076342a573e0779e00",
                "sha256:ffc9202a29ab3920fa812879e95a9e78b2465fd10be7fcbd042899695d75e616"
            ],
            "markers": "python_version >= '3.7'",
            "version": "==3.4.1"
        },
        "freetype-py": {
            "hashes": [
                "sha256:0b7f8e0342779f65ca13ef8bc103938366fecade23e6bb37cb671c2b8ad7f124",
                "sha256:289b443547e03a4f85302e3ac91376838e0d11636050166662a4f75e3087ed0b",
                "sha256:3c1aefc4f0d5b7425f014daccc5fdc7c6f914fb7d6a695cc684f1c09cd8c1660",
                "sha256:5d2f6b3d68496797da23204b3b9c4e77e67559c80390fc0dc8b3f454ae1cd819",
                "sha256:cd3bfdbb7e1a84818cfbc8025fca3096f4f2afcd5d4641184bf0a3a2e6f97bbf",
                "sha256:cfe2686a174d0dd3d71a9d8ee9bf6a2c23f5872385cf8ce9f24af83d076e2fbd",
                "sha256:d01ded2557694f06aa0413f3400c0c0b2b5ebcaabeef7aaf3d756be44f51e90b"
            ],
            "markers": "python_version >= '3.7'",
            "version": "==2.5.1"
        },
        "glfw": {
            "hashes": [
                "sha256:0239e478ff065719064fd1272ad29f8542e8178b11c614674bb930d85aa2d1e7",
                "sha256:0fd982cf42a8e3137e05e392280826311961f9e99c82a0ccf22a63a0d2acd143",
                "sha256:13a75d8d3e8d4bb24595f2354a392ccf7c54ddd20dacb88e1188b760f2a7714b",
                "sha256:1416f10d2c2748c39910e9d9e6a10a5473743c5a745518061e4051be4c5caaa1",
                "sha256:28aaef2f022b57cd37525ad1d11ba9049931a273359964fb3cd36762eb093ed1",
                "sha256:44b5313cffa4a037e8e2988bccba6fa7de0a24123509f4ccf3e49b831cf72abb",
                "sha256:523e1fc03898bcb0711f78d6f21eee58c1f865bb764cbd36b9549580a4c43454",
                "sha256:90e90d328b0b26fed6e1631d21801e2d8a7a0c5dcb480e733c177567ec9666f0",
                "sha256:9cd20351b14587c6fe7063afb33cc03152e38dd2bff2b69613cb044bf3bdb635"
            ],
            "version": "==2.8.0"
        },
        "hsluv": {
            "hashes": [
                "sha256:0138bd10038e2ee1b13eecae9a7d49d4ec8c320b1d7eb4f860832c792e3e4567",
                "sha256:2281f946427a882010042844a38c7bbe9e0d0aaf9d46babe46366ed6f169b72e"
            ],
            "markers": "python_version >= '3.7'",
            "version": "==5.0.4"
        },
        "idna": {
            "hashes": [
                "sha256:12f65c9b470abda6dc35cf8e63cc574b1c52b11df2c86030af0ac09b01b13ea9",
                "sha256:946d195a0d259cbba61165e88e65941f16e9b36ea6ddb97f00452bae8b1287d3"
            ],
            "markers": "python_version >= '3.6'",
            "version": "==3.10"
        },
        "kiwisolver": {
            "hashes": [
                "sha256:01c3d31902c7db5fb6182832713d3b4122ad9317c2c5877d0539227d96bb2e50",
                "sha256:034d2c891f76bd3edbdb3ea11140d8510dca675443da7304205a2eaa45d8334c",
                "sha256:085940635c62697391baafaaeabdf3dd7a6c3643577dde337f4d66eba021b2b8",
                "sha256:08e77738ed7538f036cd1170cbed942ef749137b1311fa2bbe2a7fda2f6bf3cc",
                "sha256:111793b232842991be367ed828076b03d96202c19221b5ebab421ce8bcad016f",
                "sha256:11e1022b524bd48ae56c9b4f9296bce77e15a2e42a502cceba602f804b32bb79",
                "sha256:151dffc4865e5fe6dafce5480fab84f950d14566c480c08a53c663a0020504b6",
                "sha256:16523b40aab60426ffdebe33ac374457cf62863e330a90a0383639ce14bf44b2",
                "sha256:1732e065704b47c9afca7ffa272f845300a4eb959276bf6970dc07265e73b605",
                "sha256:1c8ceb754339793c24aee1c9fb2485b5b1f5bb1c2c214ff13368431e51fc9a09",
                "sha256:23454ff084b07ac54ca8be535f4174170c1094a4cff78fbae4f73a4bcc0d4dab",
                "sha256:23d5f023bdc8c7e54eb65f03ca5d5bb25b601eac4d7f1a042888a1f45237987e",
                "sha256:257af1622860e51b1a9d0ce387bf5c2c4f36a90594cb9514f55b074bcc787cfc",
                "sha256:286b18e86682fd2217a48fc6be6b0f20c1d0ed10958d8dc53453ad58d7be0bf8",
                "sha256:291331973c64bb9cce50bbe871fb2e675c4331dab4f31abe89f175ad7679a4d7",
                "sha256:2f0121b07b356a22fb0414cec4666bbe36fd6d0d759db3d37228f496ed67c880",
                "sha256:3452046c37c7692bd52b0e752b87954ef86ee2224e624ef7ce6cb21e8c41cc1b",
                "sha256:34d142fba9c464bc3bbfeff15c96eab0e7310343d6aefb62a79d51421fcc5f1b",
                "sha256:369b75d40abedc1da2c1f4de13f3482cb99e3237b38726710f4a793432b1c5ff",
                "sha256:36dbbfd34838500a31f52c9786990d00150860e46cd5041386f217101350f0d3",
                "sha256:370fd2df41660ed4e26b8c9d6bbcad668fbe2560462cba151a721d49e5b6628c",
                "sha256:3a96c0e790ee875d65e340ab383700e2b4891677b7fcd30a699146f9384a2bb0",
                "sha256:3b9b4d2892fefc886f30301cdd80debd8bb01ecdf165a449eb6e78f79f0fabd6",
                "sha256:3cd3bc628b25f74aedc6d374d5babf0166a92ff1317f46267f12d2ed54bc1d30",
                "sha256:3ddc373e0eef45b59197de815b1b28ef89ae3955e7722cc9710fb91cd77b7f47",
                "sha256:4191ee8dfd0be1c3666ccbac178c5a05d5f8d689bbe3fc92f3c4abec817f8fe0",
                "sha256:54a62808ac74b5e55a04a408cda6156f986cefbcf0ada13572696b507cc92fa1",
                "sha256:577facaa411c10421314598b50413aa1ebcf5126f704f1e5d72d7e4e9f020d90",
                "sha256:641f2ddf9358c80faa22e22eb4c9f54bd3f0e442e038728f500e3b978d00aa7d",
                "sha256:65ea09a5a3faadd59c2ce96dc7bf0f364986a315949dc6374f04396b0d60e09b",
                "sha256:68269e60ee4929893aad82666821aaacbd455284124817af45c11e50a4b42e3c",
                "sha256:69b5637c3f316cab1ec1c9a12b8c5f4750a4c4b71af9157645bf32830e39c03a",
                "sha256:7506488470f41169b86d8c9aeff587293f530a23a23a49d6bc64dab66bedc71e",
                "sha256:768cade2c2df13db52475bd28d3a3fac8c9eff04b0e9e2fda0f3760f20b3f7fc",
                "sha256:77e6f57a20b9bd4e1e2cedda4d0b986ebd0216236f0106e55c28aea3d3d69b16",
                "sha256:782bb86f245ec18009890e7cb8d13a5ef54dcf2ebe18ed65f795e635a96a1c6a",
                "sha256:7a3ad337add5148cf51ce0b55642dc551c0b9d6248458a757f98796ca7348712",
                "sha256:7cd2785b9391f2873ad46088ed7599a6a71e762e1ea33e87514b1a441ed1da1c",
                "sha256:7e9a60b50fe8b2ec6f448fe8d81b07e40141bfced7f896309df271a0b92f80f3",
                "sha256:84a2f830d42707de1d191b9490ac186bf7997a9495d4e9072210a1296345f7dc",
                "sha256:856b269c4d28a5c0d5e6c1955ec36ebfd1651ac00e1ce0afa3e28da95293b561",
                "sha256:858416b7fb777a53f0c59ca08190ce24e9abbd3cffa18886a5781b8e3e26f65d",
                "sha256:87b287251ad6488e95b4f0b4a79a6d04d3ea35fde6340eb38fbd1ca9cd35bbbc",
                "sha256:88c6f252f6816a73b1f8c904f7bbe02fd67c09a69f7cb8a0eecdbf5ce78e63db",
                "sha256:893f5525bb92d3d735878ec00f781b2de998333659507d29ea4466208df37bed",
                "sha256:89c107041f7b27844179ea9c85d6da275aa55ecf28413e87624d033cf1f6b751",
                "sha256:918139571133f366e8362fa4a297aeba86c7816b7ecf0bc79168080e2bd79957",
                "sha256:99cea8b9dd34ff80c521aef46a1dddb0dcc0283cf18bde6d756f1e6f31772165",
                "sha256:a17b7c4f5b2c51bb68ed379defd608a03954a1845dfed7cc0117f1cc8a9b7fd2",
                "sha256:a3c44cb68861de93f0c4a8175fbaa691f0aa22550c331fefef02b618a9dcb476",
                "sha256:a4d3601908c560bdf880f07d94f31d734afd1bb71e96585cace0e38ef44c6d84",
                "sha256:a5ce1e481a74b44dd5e92ff03ea0cb371ae7a0268318e202be06c8f04f4f1246",
                "sha256:a66f60f8d0c87ab7f59b6fb80e642ebb29fec354a4dfad687ca4092ae69d04f4",
                "sha256:b21dbe165081142b1232a240fc6383fd32cdd877ca6cc89eab93e5f5883e1c25",
                "sha256:b47a465040146981dc9db8647981b8cb96366fbc8d452b031e4f8fdffec3f26d",
                "sha256:b5773efa2be9eb9fcf5415ea3ab70fc785d598729fd6057bea38d539ead28271",
                "sha256:b83dc6769ddbc57613280118fb4ce3cd08899cc3369f7d0e0fab518a7cf37fdb",
                "sha256:bade438f86e21d91e0cf5dd7c0ed00cda0f77c8c1616bd83f9fc157fa6760d31",
                "sha256:bcb1ebc3547619c3b58a39e2448af089ea2ef44b37988caf432447374941574e",
                "sha256:be4816dc51c8a471749d664161b434912eee82f2ea66bd7628bd14583a833e85",
                "sha256:c07b29089b7ba090b6f1a669f1411f27221c3662b3a1b7010e67b59bb5a6f10b",
                "sha256:c2b9a96e0f326205af81a15718a9073328df1173a2619a68553decb7097fd5d7",
                "sha256:c5020c83e8553f770cb3b5fc13faac40f17e0b205bd237aebd21d53d733adb03",
                "sha256:c72941acb7b67138f35b879bbe85be0f6c6a70cab78fe3ef6db9c024d9223e5b",
                "sha256:c8bf637892dc6e6aad2bc6d4d69d08764166e5e3f69d469e55427b6ac001b19d",
                "sha256:cc978a80a0db3a66d25767b03688f1147a69e6237175c0f4ffffaaedf744055a",
                "sha256:ce2cf1e5688edcb727fdf7cd1bbd0b6416758996826a8be1d958f91880d0809d",
                "sha256:d47b28d1dfe0793d5e96bce90835e17edf9a499b53969b03c6c47ea5985844c3",
                "sha256:d47cfb2650f0e103d4bf68b0b5804c68da97272c84bb12850d877a95c056bd67",
                "sha256:d5536185fce131780ebd809f8e623bf4030ce1b161353166c49a3c74c287897f",
                "sha256:d561d2d8883e0819445cfe58d7ddd673e4015c3c57261d7bdcd3710d0d14005c",
                "sha256:d6af5e8815fd02997cb6ad9bbed0ee1e60014438ee1a5c2444c96f87b8843502",
                "sha256:d6d6bd87df62c27d4185de7c511c6248040afae67028a8a22012b010bc7ad062",
                "sha256:dace81d28c787956bfbfbbfd72fdcef014f37d9b48830829e488fdb32b49d954",
                "sha256:e063ef9f89885a1d68dd8b2e18f5ead48653176d10a0e324e3b0030e3a69adeb",
                "sha256:e7a019419b7b510f0f7c9dceff8c5eae2392037eae483a7f9162625233802b0a",
                "sha256:eaa973f1e05131de5ff3569bbba7f5fd07ea0595d3870ed4a526d486fe57fa1b",
                "sha256:eb158fe28ca0c29f2260cca8c43005329ad58452c36f0edf298204de32a9a3ed",
                "sha256:ed33ca2002a779a2e20eeb06aea7721b6e47f2d4b8a8ece979d8ba9e2a167e34",
                "sha256:fc2ace710ba7c1dfd1a3b42530b62b9ceed115f19a1656adefce7b1782a37794"
            ],
            "markers": "python_version >= '3.10'",
            "version": "==1.4.8"
        },
        "numpy": {
            "hashes": [
                "sha256:05c076d531e9998e7e694c36e8b349969c56eadd2cdcd07242958489d79a7286",
                "sha256:0d54974f9cf14acf49c60f0f7f4084b6579d24d439453d5fc5805d46a165b542",
                "sha256:11c43995255eb4127115956495f43e9343736edb7fcdb0d973defd9de14cd84f",
                "sha256:188dcbca89834cc2e14eb2f106c96d6d46f200fe0200310fc29089657379c58d",
                "sha256:1974afec0b479e50438fc3648974268f972e2d908ddb6d7fb634598cdb8260a0",
                "sha256:1cf4e5c6a278d620dee9ddeb487dc6a860f9b199eadeecc567f777daace1e9e7",
                "sha256:207a2b8441cc8b6a2a78c9ddc64d00d20c303d79fba08c577752f080c4007ee3",
                "sha256:218f061d2faa73621fa23d6359442b0fc658d5b9a70801373625d958259eaca3",
                "sha256:2aad3c17ed2ff455b8eaafe06bcdae0062a1db77cb99f4b9cbb5f4ecb13c5146",
                "sha256:2fa8fa7697ad1646b5c93de1719965844e004fcad23c91228aca1cf0800044a1",
                "sha256:31504f970f563d99f71a3512d0c01a645b692b12a63630d6aafa0939e52361e6",
                "sha256:3387dd7232804b341165cedcb90694565a6015433ee076c6754775e85d86f1fc",
                "sha256:4ba5054787e89c59c593a4169830ab362ac2bee8a969249dc56e5d7d20ff8df9",
                "sha256:4f92084defa704deadd4e0a5ab1dc52d8ac9e8a8ef617f3fbb853e79b0ea3592",
                "sha256:65ef3468b53269eb5fdb3a5c09508c032b793da03251d5f8722b1194f1790c00",
                "sha256:6f527d8fdb0286fd2fd97a2a96c6be17ba4232da346931d967a0630050dfd298",
                "sha256:7051ee569db5fbac144335e0f3b9c2337e0c8d5c9fee015f259a5bd70772b7e8",
                "sha256:7716e4a9b7af82c06a2543c53ca476fa0b57e4d760481273e09da04b74ee6ee2",
                "sha256:79bd5f0a02aa16808fcbc79a9a376a147cc1045f7dfe44c6e7d53fa8b8a79392",
                "sha256:7a4e84a6283b36632e2a5b56e121961f6542ab886bc9e12f8f9818b3c266bfbb",
                "sha256:8120575cb4882318c791f839a4fd66161a6fa46f3f0a5e613071aae35b5dd8f8",
                "sha256:81413336ef121a6ba746892fad881a83351ee3e1e4011f52e97fba79233611fd",
                "sha256:8146f3550d627252269ac42ae660281d673eb6f8b32f113538e0cc2a9aed42b9",
                "sha256:879cf3a9a2b53a4672a168c21375166171bc3932b7e21f622201811c43cdd3b0",
                "sha256:892c10d6a73e0f14935c31229e03325a7b3093fafd6ce0af704be7f894d95687",
                "sha256:92bda934a791c01d6d9d8e038363c50918ef7c40601552a58ac84c9613a665bc",
                "sha256:9ba03692a45d3eef66559efe1d1096c4b9b75c0986b5dff5530c378fb8331d4f",
                "sha256:9eeea959168ea555e556b8188da5fa7831e21d91ce031e95ce23747b7609f8a4",
                "sha256:a0258ad1f44f138b791327961caedffbf9612bfa504ab9597157806faa95194a",
                "sha256:a761ba0fa886a7bb33c6c8f6f20213735cb19642c580a931c625ee377ee8bd39",
                "sha256:a7b9084668aa0f64e64bd00d27ba5146ef1c3a8835f3bd912e7a9e01326804c4",
                "sha256:a84eda42bd12edc36eb5b53bbcc9b406820d3353f1994b6cfe453a33ff101775",
                "sha256:ab2939cd5bec30a7430cbdb2287b63151b77cf9624de0532d629c9a1c59b1d5c",
                "sha256:ac0280f1ba4a4bfff363a99a6aceed4f8e123f8a9b234c89140f5e894e452ecd",
                "sha256:adf8c1d66f432ce577d0197dceaac2ac00c0759f573f28516246351c58a85020",
                "sha256:b4adfbbc64014976d2f91084915ca4e626fbf2057fb81af209c1a6d776d23e3d",
                "sha256:bb649f8b207ab07caebba230d851b579a3c8711a851d29efe15008e31bb4de24",
                "sha256:bce43e386c16898b91e162e5baaad90c4b06f9dcbe36282490032cec98dc8ae7",
                "sha256:bd3ad3b0a40e713fc68f99ecfd07124195333f1e689387c180813f0e94309d6f",
                "sha256:c3f7ac96b16955634e223b579a3e5798df59007ca43e8d451a0e6a50f6bfdfba",
                "sha256:cf28633d64294969c019c6df4ff37f5698e8326db68cc2b66576a51fad634880",
                "sha256:d0f35b19894a9e08639fd60a1ec1978cb7f5f7f1eace62f38dd36be8aecdef4d",
                "sha256:db1f1c22173ac1c58db249ae48aa7ead29f534b9a948bc56828337aa84a32ed6",
                "sha256:dbe512c511956b893d2dacd007d955a3f03d555ae05cfa3ff1c1ff6df8851854",
                "sha256:df2f57871a96bbc1b69733cd4c51dc33bea66146b8c63cacbfed73eec0883017",
                "sha256:e2f085ce2e813a50dfd0e01fbfc0c12bbe5d2063d99f8b29da30e544fb6483b8",
                "sha256:e642d86b8f956098b564a45e6f6ce68a22c2c97a04f5acd3f221f57b8cb850ae",
                "sha256:e9e0a277bb2eb5d8a7407e14688b85fd8ad628ee4e0c7930415687b6564207a4",
                "sha256:ea2bb7e2ae9e37d96835b3576a4fa4b3a97592fbea8ef7c3587078b0068b8f09",
                "sha256:ee4d528022f4c5ff67332469e10efe06a267e32f4067dc76bb7e2cddf3cd25ff",
                "sha256:f05d4198c1bacc9124018109c5fba2f3201dbe7ab6e92ff100494f236209c960",
                "sha256:f34dc300df798742b3d06515aa2a0aee20941c13579d7a2f2e10af01ae4901ee",
                "sha256:f4162988a360a29af158aeb4a2f4f09ffed6a969c9776f8f3bdee9b06a8ab7e5",
                "sha256:f486038e44caa08dbd97275a9a35a283a8f1d2f0ee60ac260a1790e76660833c",
                "sha256:f7de08cbe5551911886d1ab60de58448c6df0f67d9feb7d1fb21e9875ef95e91"
            ],
            "markers": "python_version >= '3.10'",
            "version": "==2.2.4"
        },
        "p5": {
            "hashes": [
                "sha256:4ec639a16608c99d6bc857003b4f13bb5baeec220976a66e621997b24c308d7d",
                "sha256:79a036fb81de27ede4e5e135f5a5188ee10e624a1f1af70b67fc1c1582b83730"
            ],
            "index": "pypi",
            "markers": "python_version >= '3.7'",
            "version": "==0.8.4"
        },
        "pillow": {
            "hashes": [
                "sha256:011233e0c42a4a7836498e98c1acf5e744c96a67dd5032a6f666cc1fb97eab97",
                "sha256:0f29d831e2151e0b7b39981756d201f7108d3d215896212ffe2e992d06bfe049",
                "sha256:12875d118f21cf35604176872447cdb57b07126750a33748bac15e77f90f1f9c",
                "sha256:14d4b1341ac07ae07eb2cc682f459bec932a380c3b122f5540432d8977e64eae",
                "sha256:1c3c33ac69cf059bbb9d1a71eeaba76781b450bc307e2291f8a4764d779a6b28",
                "sha256:1d19397351f73a88904ad1aee421e800fe4bbcd1aeee6435fb62d0a05ccd1030",
                "sha256:253e8a302a96df6927310a9d44e6103055e8fb96a6822f8b7f514bb7ef77de56",
                "sha256:2632d0f846b7c7600edf53c48f8f9f1e13e62f66a6dbc15191029d950bfed976",
                "sha256:335ace1a22325395c4ea88e00ba3dc89ca029bd66bd5a3c382d53e44f0ccd77e",
                "sha256:413ce0bbf9fc6278b2d63309dfeefe452835e1c78398efb431bab0672fe9274e",
                "sha256:5100b45a4638e3c00e4d2320d3193bdabb2d75e79793af7c3eb139e4f569f16f",
                "sha256:514ceac913076feefbeaf89771fd6febde78b0c4c1b23aaeab082c41c694e81b",
                "sha256:528a2a692c65dd5cafc130de286030af251d2ee0483a5bf50c9348aefe834e8a",
                "sha256:6295f6763749b89c994fcb6d8a7f7ce03c3992e695f89f00b741b4580b199b7e",
                "sha256:6c8bc8238a7dfdaf7a75f5ec5a663f4173f8c367e5a39f87e720495e1eed75fa",
                "sha256:718856856ba31f14f13ba885ff13874be7fefc53984d2832458f12c38205f7f7",
                "sha256:7f7609a718b177bf171ac93cea9fd2ddc0e03e84d8fa4e887bdfc39671d46b00",
                "sha256:80ca33961ced9c63358056bd08403ff866512038883e74f3a4bf88ad3eb66838",
                "sha256:80fe64a6deb6fcfdf7b8386f2cf216d329be6f2781f7d90304351811fb591360",
                "sha256:81c4b81611e3a3cb30e59b0cf05b888c675f97e3adb2c8672c3154047980726b",
                "sha256:855c583f268edde09474b081e3ddcd5cf3b20c12f26e0d434e1386cc5d318e7a",
                "sha256:9bfdb82cdfeccec50aad441afc332faf8606dfa5e8efd18a6692b5d6e79f00fd",
                "sha256:a5d24e1d674dd9d72c66ad3ea9131322819ff86250b30dc5821cbafcfa0b96b4",
                "sha256:a9f44cd7e162ac6191491d7249cceb02b8116b0f7e847ee33f739d7cb1ea1f70",
                "sha256:b5b3f092fe345c03bca1e0b687dfbb39364b21ebb8ba90e3fa707374b7915204",
                "sha256:b9618823bd237c0d2575283f2939655f54d51b4527ec3972907a927acbcc5bfc",
                "sha256:cef9c85ccbe9bee00909758936ea841ef12035296c748aaceee535969e27d31b",
                "sha256:d21237d0cd37acded35154e29aec853e945950321dd2ffd1a7d86fe686814669",
                "sha256:d3c5c79ab7dfce6d88f1ba639b77e77a17ea33a01b07b99840d6ed08031cb2a7",
                "sha256:d9d7942b624b04b895cb95af03a23407f17646815495ce4547f0e60e0b06f58e",
                "sha256:db6d9fac65bd08cea7f3540b899977c6dee9edad959fa4eaf305940d9cbd861c",
                "sha256:ede5af4a2702444a832a800b8eb7f0a7a1c0eed55b644642e049c98d589e5092",
                "sha256:effb7749713d5317478bb3acb3f81d9d7c7f86726d41c1facca068a04cf5bb4c",
                "sha256:f154d173286a5d1863637a7dcd8c3437bb557520b01bddb0be0258dcb72696b5",
                "sha256:f25ed6e28ddf50de7e7ea99d7a976d6a9c415f03adcaac9c41ff6ff41b6d86ac"
            ],
            "markers": "python_version >= '3.7'",
            "version": "==9.0.1"
        },
        "pybind11": {
            "hashes": [
                "sha256:237c41e29157b962835d356b370ededd57594a26d5894a795960f0047cb5caf5",
                "sha256:ba6af10348c12b24e92fa086b39cfba0eff619b61ac77c406167d813b096d39a"
            ],
            "markers": "python_version >= '3.7'",
            "version": "==2.13.6"
        },
        "pyopengl": {
            "hashes": [
                "sha256:57c597d989178e1413002df6b923619f6d29807501dece1c60cc6f12c0c8e8a7",
                "sha256:8ea6c8773927eda7405bffc6f5bb93be81569a7b05c8cac50cd94e969dce5e27",
                "sha256:a7139bc3e15d656feae1f7e3ef68c799941ed43fadc78177a23db7e946c20738"
            ],
            "version": "==3.1.6"
        },
        "pyopengl-accelerate": {
            "hashes": [
                "sha256:0114d80fa8c5879b297b53cf53ebce5a889553b582b3dae10639e5e79a19cde2",
                "sha256:02e2ca1e6daa14e7e87c005087e48749f13a767f881d4f16139fcc92ea2faebe",
                "sha256:08e332636e041444a0935a01c392afdde4c57b139acb10265c30c74e1fa0ee8d",
                "sha256:0cdba75f4b70e32afe2d402a48abcf7cdf97429b13d83d3cfe2f045160f4f8a7",
                "sha256:158c52ef9342d70867d3cc5e2309c5de118ed2313e9f8b3c637b190a8a0d3d9e",
                "sha256:1a3b5c6254a1a68e66f4294da931c5ca116705fd0933e36545a7c6f6a355398c",
                "sha256:2b123621273a939f7fd2ec227541e399f9b5d4e815d69ae0bdb1b6c70a293680",
                "sha256:3468783d40906ef933ebd3516be4ee3636d474e4d31c40bd33ca504669ba5f6f",
                "sha256:3cdbaf28f6da023b1ddd85894088a525bc1088680782ab973a322d8701bfd685",
                "sha256:3e14d8075804c97c42ce2fa1f7e3805d2d02a74253b523350e715b01f222e065",
                "sha256:4e9bfad17305c4854941b06f435dfa84cc1840baf8278aba47269766b8b1ff2d",
                "sha256:6547d45b7498bc5801cd2bb98b98590203be7026c87188be9de33182a7f87138",
                "sha256:67b9f9d86ed5a928ebf93ace86dd8a4959388e04e89e115075575bbbe72c6546",
                "sha256:6c1b2b93d25e9ec8475416ed18c27a0231f29dffe0b524d827276802534a3cde",
                "sha256:6ea0f3cdcec32ebd2a8abfd81bcb30a126ebe1a645ddffaa61366474e993a19d",
                "sha256:6f6530afd087fe7b2e98f97c3dcf7853086afe59e777778b40d5e8e2c72d8d48",
                "sha256:71b8a862ab85e02b7f88d935045be25ebc4104c3676263f0b90a91a520b66bd5",
                "sha256:8a5c76bfe6dead3ee79619e2ba143650a70c462ffcff150bbefc29e792410f58",
                "sha256:8c6ae12feb8b94e2110ad75cea10c337af5ed4c12f23c566fea89135fc013284",
                "sha256:8e1f8a351aa8d8b95dab9ec374162384a3e8b2fc76ba7792adb17eb183963605",
                "sha256:8eba741abba05ce711060f2c745fd3195314d78d362c0c6d9bd6ffdde1ad377b",
                "sha256:8f3392dc5874756f6cb03b406960cf48d5956fa31dcfb65614ee24c094a73791",
                "sha256:8fecc1aebc33c011a8445aedd1c3c951a15e2075343300045b62ea5d543041fd",
                "sha256:948bef39594f1142f38e21cf985d4f41a530dac65f07e3c6f04f02c94c3f15a8",
                "sha256:a104f8ee52cc042a06b642bae3b2deb819afdfa641b15ee63f9fe7b4e654df46",
                "sha256:a36b59f40b5c50c29e877933f512cdd3e3f92095f075e90ed14515eb5c064f71",
                "sha256:ab8b7c7b4bab48b8fbd52481b2618ae382ea66952008c2a0e8908dfca5caa61d",
                "sha256:ad8e2d186878946e5c4896d1c241af6b5f8cd87433e46741d29c3fdea6eba2c5",
                "sha256:b055975515fed03e9b84a348950cad3cba0441d5a5dcd264877d58e0d239019c",
                "sha256:be9d14277c356d53196f591879d47a20295a35ae3abb7c2a1667241af6bc6274",
                "sha256:c2636803fcbcb0767b1febd28153fd169a732577430cc9d2ab60ce322aaa1097",
                "sha256:caa2e7c3234340302620b4455472ca81c6fbf0dfa2e27ff3139dafcf921f21b6",
                "sha256:ccb73afacc8e0ed4fc68ff9ab3042e4c6bce3ce0587ec9d34dee18c4f032575e",
                "sha256:ce4ff263a8f1e698160286c1a97882885c7066294ec153666df6e36b791ea31c",
                "sha256:cf4ef5135069add79345bc954b12da1a4c3708ed99e3fd4c9b512cf5dc5767a0",
                "sha256:d3678b03e2cb41f87c84411313c441466497b7b829678ad5801944820f986cb7",
                "sha256:dbd24c2830780912aebcfc2cb886ac68a669cfe2889074c5a0299f2d0dd78587",
                "sha256:e8b41f94a185c71d4c2658e9ee1a6f14e555e8b83bd4e18e6367d66da6a39242",
                "sha256:eb3e737d364476379db8919375fe3eb9c284beaaa5aeb62f0f343286a5ecaff9",
                "sha256:ed4efe15eedc79415ee192a9ca8bec04f19c7e313444ac50e50ea26c80606ce2",
                "sha256:f2143cf1073c1377111873ec53b67cb9a75a546a101d8292670d0ffe40eca50d",
                "sha256:f7fcc0fb7a59082ecfde3bab9306c4f3153dcbf457a91d264e759178cea9ab97",
                "sha256:f8f92c9df088b43870b81d322b2288f23a50bd9937077c12dcf5d6e48b172c76"
            ],
            "version": "==3.1.7"
        },
        "requests": {
            "hashes": [
                "sha256:55365417734eb18255590a9ff9eb97e9e1da868d4ccd6402399eaf68af20a760",
                "sha256:70761cfe03c773ceb22aa2f671b4757976145175cdfca038c02654d061d6dcc6"
            ],
            "markers": "python_version >= '3.8'",
            "version": "==2.32.3"
        },
        "skia-python": {
            "hashes": [
                "sha256:0ecb1a34c408704cc5eddf32659ffec7ab5eed1d1e1f4100436b45ed65f46903",
                "sha256:0f8371fa9199aba808f892cc9ff9b3105242ff9a94f44eeefb6d4acc336a5724",
                "sha256:227eb6fb3de9669207d9f9d465a91e6ecd0fa881df83be2a8576313509f96484",
                "sha256:2fd5aac060bb14ee7bff67bb4645c5769be7fdb02ae6ee2e8603ed6f66137474",
                "sha256:327a33dc76f5aa84d8fe8a21fe6070bfe81bf9e83ab50a070531f3aea2d30c5b",
                "sha256:36c82de02d8144755b91906fbdc14f89e529534d38e342e782e602be0f4095d0",
                "sha256:424d1ebd3f74a0990e2718e5736cf9fd8eeb4c4a06cb2d532625fdad95a10da2",
                "sha256:6d0b8d200fefa6c7bd57448d7f4a7a2be4426cd0c23000a135b08071d445d5bf",
                "sha256:7468d3a0246ac3cb2d0cf1b139ab5d6f019eab0933f33e09c7e85cc19be57cac",
                "sha256:775f1b0cad9c075df59a5ff8006cfc86b7ff24fe3bb9db4aab7c27170b258210",
                "sha256:7dbe5e9d1bc86c8fb0cf2116af89678536d1384bd422af22c8583d2cd24e36bb",
                "sha256:7ebed76890821a6705f4a0aac3e9b9e3c8a3f4b7113e9b2aeed54e24f6eb409c",
                "sha256:7edcc5ebe3c637b35ce4a38b53669b045a0085c69b84c85b5b9fba7620517f22",
                "sha256:837c9078673f9da23b1fca7f5c5faa860c134120472fead146a499a41fd510d8",
                "sha256:96ac50070851719f8ca14c391326ac98e393122f821ff71a3be87b35e80cf32e",
                "sha256:998747a94b71e67440b6d26d30b894f56a85e7b1aa104366a27e1c5fd35e94ea",
                "sha256:a59585cbb9fb494a21b6f6519eaabb440a55df975d74184a1abf58ff9753333d",
                "sha256:aecce7449a1d25705c6887d117982d6a6b2918f544949139dd3c2e0615789028",
                "sha256:b12a217bf970a175a0eee913bd2b60ee693eec7ae77c885a658cef29572eae64",
                "sha256:b61f73b10c21f0425bd7b25250b7a33d5c88eb6c7cbf1fc75c2caf89a5989e60",
                "sha256:bd80bb7e7f5aeff0f8f5038f9c403b4d45a93ee9c79d5e1e78a193a6814d56c9",
                "sha256:c35dc268cfc35441a25073fbcaa5295c5491be401c31970a723d6206f9a449c6",
                "sha256:c768e8343006ebe5e14633ad5947351141bbe037c93be0e7f451fda7394cbee7",
                "sha256:c7c589f51d9f8e8bf27d20065d13bb07aabf363f11e99f139a849a293c5fdd1e",
                "sha256:e2a4f224a9831fb98f8a5db11416f32616421941d254a5bc61e4365ecab6813e",
                "sha256:e337460f2dd6c58f1aa14c5e31fb4c7328521ffb9dc093afa179925807f9f5c9",
                "sha256:e93f8ad86bf66e7ba32e23b9205a44900d8b644b53073aca2d8a5681d850daf1",
                "sha256:f78a24da60c9f1232e17163b79f4207ccde94c159947e30ace996d2cf4dd9515",
                "sha256:f8626785f9265ac3075b06a6bbcfba9befb742f6995422b143b30777e371f42b",
                "sha256:fb2a6e533980d532f90a6ba3bfb7ec710c59dd9cd71e472aff0eb2c13dfb6009"
            ],
            "version": "==87.7"
        },
        "urllib3": {
            "hashes": [
                "sha256:1cee9ad369867bfdbbb48b7dd50374c0967a0bb7710050facf0dd6911440e3df",
                "sha256:f8c5449b3cf0861679ce7e0503c7b44b5ec981bec0d1d3795a07f1ba96f0204d"
            ],
            "markers": "python_version >= '3.9'",
            "version": "==2.3.0"
        },
        "vispy": {
            "hashes": [
                "sha256:0635a411dacca404d6ba5544afd9badd833c894196b0bdb611f18ff7c206b3cc",
                "sha256:1980bc30b6f5c41a3836f9613cbff48be1c9162f7e5f421587832abfda6a7b37",
                "sha256:294f747002773480e72d01fa005807992f8f946944d6cc597ff26addb5b22ac6",
                "sha256:2da21a10647d98feb0242304264b51be618f5d66d0d800989617310abb1834ec",
                "sha256:32d9522246cff28261c3075b5befee1db1c084b717448de4fdda5268e4cd391f",
                "sha256:44493bcfd4aaf6eec96ce6ed911cc8b6fc48d9c2b5bd082e900d17416ed2de8d",
                "sha256:58057de0a8995a384b8b4163e912cbe2b80a2034afdb6d437739a9fa5c70d921",
                "sha256:5a68a406f59f9d5be1b97af7e7fa4e60c676a02c231254a693268a7723d544fb",
                "sha256:626ea19cda7caa027c29381b8a5e29f052f58cd23c9357b856791341c4372f7e",
                "sha256:633034d5621834c6852965604e43dc94c7623f787d356f0fd41fd4f4771a8654",
                "sha256:64dc5340f2a6a1513d048723515d6c59dbeb019148bfd7f543146593074dfdb0",
                "sha256:910d883df109c92cc779243fe814f4a2d5e1b18ba7fe8eaa59d61bdd8abb8833",
                "sha256:a5663b1a16f4de0034e8e546122ead82c78b588894f514f0ab92188030f4bafc",
                "sha256:b471b0c9dc0d3623421acbf3ce75c1fd45b41467d830ab32c28af54d56d25cb5",
                "sha256:b76ad6f3eacadbfc4944cfb8211eadb6ea8417a590993ece5aa7caac082cffc2",
                "sha256:e467ae5d041e2af056e6b57d8ad6b31dcf881ae8944400008834191483b78d5a",
                "sha256:f212733c3a4ff9522eb59bb12375e2aec38c4c2723c969f35627530796ed0229"
            ],
            "markers": "python_version >= '3.6'",
            "version": "==0.10.0"
        }
    },
    "develop": {}
}
